
Microsoft Visual Studio Solution File, Format Version 12.00
# Visual Studio Version 16
VisualStudioVersion = 16.0.30330.147
MinimumVisualStudioVersion = 10.0.40219.1
Project("{9A19103F-16F7-4668-BE54-9A1E7A4F7556}") = "BusinessLogic", "BusinessLogic\BusinessLogic.csproj", "{AC4F400F-5460-41CA-B045-D88941347732}"
EndProject
Project("{9A19103F-16F7-4668-BE54-9A1E7A4F7556}") = "WebSite", "WebSite\WebSite.csproj", "{9DA2E5AE-CB7B-4183-8511-B28D7F81ED54}"
EndProject
Global
	GlobalSection(SolutionConfigurationPlatforms) = preSolution
		Debug|Any CPU = Debug|Any CPU
		Release|Any CPU = Release|Any CPU
	EndGlobalSection
	GlobalSection(ProjectConfigurationPlatforms) = postSolution
		{AC4F400F-5460-41CA-B045-D88941347732}.Debug|Any CPU.ActiveCfg = Debug|Any CPU
		{AC4F400F-5460-41CA-B045-D88941347732}.Debug|Any CPU.Build.0 = Debug|Any CPU
		{AC4F400F-5460-41CA-B045-D88941347732}.Release|Any CPU.ActiveCfg = Release|Any CPU
		{AC4F400F-5460-41CA-B045-D88941347732}.Release|Any CPU.Build.0 = Release|Any CPU
		{9DA2E5AE-CB7B-4183-8511-B28D7F81ED54}.Debug|Any CPU.ActiveCfg = Debug|Any CPU
		{9DA2E5AE-CB7B-4183-8511-B28D7F81ED54}.Debug|Any CPU.Build.0 = Debug|Any CPU
		{9DA2E5AE-CB7B-4183-8511-B28D7F81ED54}.Release|Any CPU.ActiveCfg = Release|Any CPU
		{9DA2E5AE-CB7B-4183-8511-B28D7F81ED54}.Release|Any CPU.Build.0 = Release|Any CPU
	EndGlobalSection
	GlobalSection(SolutionProperties) = preSolution
		HideSolutionNode = FALSE
	EndGlobalSection
	GlobalSection(ExtensibilityGlobals) = postSolution
		SolutionGuid = {D6B5E26D-E5F0-46BD-9627-98D9D1C396BF}
	EndGlobalSection
EndGlobal
